
Microsoft Visual Studio Solution File, Format Version 12.00
# Visual Studio Version 16
VisualStudioVersion = 16.0.28803.452
MinimumVisualStudioVersion = 10.0.40219.1
Project("{FAE04EC0-301F-11D3-BF4B-00C04F79EFBC}") = "CPPConfuser", "CPPConfuser.csproj", "{DD9EFFE8-9EF4-4611-83DD-8F21250FB3DC}"
EndProject
Global
	GlobalSection(SolutionConfigurationPlatforms) = preSolution
		Debug|Any CPU = Debug|Any CPU
		Release|Any CPU = Release|Any CPU
	EndGlobalSection
	GlobalSection(ProjectConfigurationPlatforms) = postSolution
		{DD9EFFE8-9EF4-4611-83DD-8F21250FB3DC}.Debug|Any CPU.ActiveCfg = Debug|Any CPU
		{DD9EFFE8-9EF4-4611-83DD-8F21250FB3DC}.Debug|Any CPU.Build.0 = Debug|Any CPU
		{DD9EFFE8-9EF4-4611-83DD-8F21250FB3DC}.Release|Any CPU.ActiveCfg = Release|Any CPU
		{DD9EFFE8-9EF4-4611-83DD-8F21250FB3DC}.Release|Any CPU.Build.0 = Release|Any CPU
	EndGlobalSection
	GlobalSection(SolutionProperties) = preSolution
		HideSolutionNode = FALSE
	EndGlobalSection
	GlobalSection(ExtensibilityGlobals) = postSolution
		SolutionGuid = {2C3C55DF-62E3-49DE-AA6F-8D76009DFAE9}
	EndGlobalSection
EndGlobal
